// !$*UTF8*$!
{
	archiveVersion = 1;
	classes = {
	};
	objectVersion = 50;
	objects = {

/* Begin PBXBuildFile section */
		64A3E2AA25ECEA5D009F36E6 /* AppDelegate.swift in Sources */ = {isa = PBXBuildFile; fileRef = 64A3E2A925ECEA5D009F36E6 /* AppDelegate.swift */; };
		64A3E2AC25ECEA5D009F36E6 /* SceneDelegate.swift in Sources */ = {isa = PBXBuildFile; fileRef = 64A3E2AB25ECEA5D009F36E6 /* SceneDelegate.swift */; };
		64A3E2AE25ECEA5D009F36E6 /* ViewController.swift in Sources */ = {isa = PBXBuildFile; fileRef = 64A3E2AD25ECEA5D009F36E6 /* ViewController.swift */; };
		64A3E2B125ECEA5D009F36E6 /* Main.storyboard in Resources */ = {isa = PBXBuildFile; fileRef = 64A3E2AF25ECEA5D009F36E6 /* Main.storyboard */; };
		64A3E2B325ECEA5F009F36E6 /* Assets.xcassets in Resources */ = {isa = PBXBuildFile; fileRef = 64A3E2B225ECEA5F009F36E6 /* Assets.xcassets */; };
		64A3E2B625ECEA5F009F36E6 /* LaunchScreen.storyboard in Resources */ = {isa = PBXBuildFile; fileRef = 64A3E2B425ECEA5F009F36E6 /* LaunchScreen.storyboard */; };
		64A3E2BF25ECED53009F36E6 /* image1.jpeg in Resources */ = {isa = PBXBuildFile; fileRef = 64A3E2BE25ECED53009F36E6 /* image1.jpeg */; };
		64A3E2C225ECED60009F36E6 /* image2.jpeg in Resources */ = {isa = PBXBuildFile; fileRef = 64A3E2C125ECED60009F36E6 /* image2.jpeg */; };
		64A3E2C525ECED6A009F36E6 /* image3.jpeg in Resources */ = {isa = PBXBuildFile; fileRef = 64A3E2C425ECED6A009F36E6 /* image3.jpeg */; };
		64A3E2C925ED2F8B009F36E6 /* ResultViewController.swift in Sources */ = {isa = PBXBuildFile; fileRef = 64A3E2C825ED2F8B009F36E6 /* ResultViewController.swift */; };
/* End PBXBuildFile section */

/* Begin PBXFileReference section */
		64A3E2A625ECEA5D009F36E6 /* SlideshowApp.app */ = {isa = PBXFileReference; explicitFileType = wrapper.application; includeInIndex = 0; path = SlideshowApp.app; sourceTree = BUILT_PRODUCTS_DIR; };
		64A3E2A925ECEA5D009F36E6 /* AppDelegate.swift */ = {isa = PBXFileReference; lastKnownFileType = sourcecode.swift; path = AppDelegate.swift; sourceTree = "<group>"; };
		64A3E2AB25ECEA5D009F36E6 /* SceneDelegate.swift */ = {isa = PBXFileReference; lastKnownFileType = sourcecode.swift; path = SceneDelegate.swift; sourceTree = "<group>"; };
		64A3E2AD25ECEA5D009F36E6 /* ViewController.swift */ = {isa = PBXFileReference; lastKnownFileType = sourcecode.swift; path = ViewController.swift; sourceTree = "<group>"; };
		64A3E2B025ECEA5D009F36E6 /* Base */ = {isa = PBXFileReference; lastKnownFileType = file.storyboard; name = Base; path = Base.lproj/Main.storyboard; sourceTree = "<group>"; };
		64A3E2B225ECEA5F009F36E6 /* Assets.xcassets */ = {isa = PBXFileReference; lastKnownFileType = folder.assetcatalog; path = Assets.xcassets; sourceTree = "<group>"; };
		64A3E2B525ECEA5F009F36E6 /* Base */ = {isa = PBXFileReference; lastKnownFileType = file.storyboard; name = Base; path = Base.lproj/LaunchScreen.storyboard; sourceTree = "<group>"; };
		64A3E2B725ECEA5F009F36E6 /* Info.plist */ = {isa = PBXFileReference; lastKnownFileType = text.plist.xml; path = Info.plist; sourceTree = "<group>"; };
		64A3E2BE25ECED53009F36E6 /* image1.jpeg */ = {isa = PBXFileReference; lastKnownFileType = image.jpeg; path = image1.jpeg; sourceTree = "<group>"; };
		64A3E2C125ECED60009F36E6 /* image2.jpeg */ = {isa = PBXFileReference; lastKnownFileType = image.jpeg; path = image2.jpeg; sourceTree = "<group>"; };
		64A3E2C425ECED6A009F36E6 /* image3.jpeg */ = {isa = PBXFileReference; lastKnownFileType = image.jpeg; path = image3.jpeg; sourceTree = "<group>"; };
		64A3E2C825ED2F8B009F36E6 /* ResultViewController.swift */ = {isa = PBXFileReference; lastKnownFileType = sourcecode.swift; path = ResultViewController.swift; sourceTree = "<group>"; };
/* End PBXFileReference section */

/* Begin PBXFrameworksBuildPhase section */
		64A3E2A325ECEA5D009F36E6 /* Frameworks */ = {
			isa = PBXFrameworksBuildPhase;
			buildActionMask = 2147483647;
			files = (
			);
			runOnlyForDeploymentPostprocessing = 0;
		};
/* End PBXFrameworksBuildPhase section */

/* Begin PBXGroup section */
		64A3E29D25ECEA5D009F36E6 = {
			isa = PBXGroup;
			children = (
				64A3E2A825ECEA5D009F36E6 /* SlideshowApp */,
				64A3E2A725ECEA5D009F36E6 /* Products */,
			);
			sourceTree = "<group>";
		};
		64A3E2A725ECEA5D009F36E6 /* Products */ = {
			isa = PBXGroup;
			children = (
				64A3E2A625ECEA5D009F36E6 /* SlideshowApp.app */,
			);
			name = Products;
			sourceTree = "<group>";
		};
		64A3E2A825ECEA5D009F36E6 /* SlideshowApp */ = {
			isa = PBXGroup;
			children = (
				64A3E2C425ECED6A009F36E6 /* image3.jpeg */,
				64A3E2C125ECED60009F36E6 /* image2.jpeg */,
				64A3E2A925ECEA5D009F36E6 /* AppDelegate.swift */,
				64A3E2AB25ECEA5D009F36E6 /* SceneDelegate.swift */,
				64A3E2AD25ECEA5D009F36E6 /* ViewController.swift */,
				64A3E2C825ED2F8B009F36E6 /* ResultViewController.swift */,
				64A3E2AF25ECEA5D009F36E6 /* Main.storyboard */,
				64A3E2BE25ECED53009F36E6 /* image1.jpeg */,
				64A3E2B225ECEA5F009F36E6 /* Assets.xcassets */,
				64A3E2B425ECEA5F009F36E6 /* LaunchScreen.storyboard */,
				64A3E2B725ECEA5F009F36E6 /* Info.plist */,
			);
			path = SlideshowApp;
			sourceTree = "<group>";
		};
/* End PBXGroup section */

/* Begin PBXNativeTarget section */
		64A3E2A525ECEA5D009F36E6 /* SlideshowApp */ = {
			isa = PBXNativeTarget;
			buildConfigurationList = 64A3E2BA25ECEA5F009F36E6 /* Build configuration list for PBXNativeTarget "SlideshowApp" */;
			buildPhases = (
				64A3E2A225ECEA5D009F36E6 /* Sources */,
				64A3E2A325ECEA5D009F36E6 /* Frameworks */,
				64A3E2A425ECEA5D009F36E6 /* Resources */,
			);
			buildRules = (
			);
			dependencies = (
			);
			name = SlideshowApp;
			productName = SlideshowApp;
			productReference = 64A3E2A625ECEA5D009F36E6 /* SlideshowApp.app */;
			productType = "com.apple.product-type.application";
		};
/* End PBXNativeTarget section */

/* Begin PBXProject section */
		64A3E29E25ECEA5D009F36E6 /* Project object */ = {
			isa = PBXProject;
			attributes = {
				LastSwiftUpdateCheck = 1220;
				LastUpgradeCheck = 1220;
				TargetAttributes = {
					64A3E2A525ECEA5D009F36E6 = {
						CreatedOnToolsVersion = 12.2;
					};
				};
			};
			buildConfigurationList = 64A3E2A125ECEA5D009F36E6 /* Build configuration list for PBXProject "SlideshowApp" */;
			compatibilityVersion = "Xcode 9.3";
			developmentRegion = en;
			hasScannedForEncodings = 0;
			knownRegions = (
				en,
				Base,
			);
			mainGroup = 64A3E29D25ECEA5D009F36E6;
			productRefGroup = 64A3E2A725ECEA5D009F36E6 /* Products */;
			projectDirPath = "";
			projectRoot = "";
			targets = (
				64A3E2A525ECEA5D009F36E6 /* SlideshowApp */,
			);
		};
/* End PBXProject section */

/* Begin PBXResourcesBuildPhase section */
		64A3E2A425ECEA5D009F36E6 /* Resources */ = {
			isa = PBXResourcesBuildPhase;
			buildActionMask = 2147483647;
			files = (
				64A3E2B625ECEA5F009F36E6 /* LaunchScreen.storyboard in Resources */,
				64A3E2C225ECED60009F36E6 /* image2.jpeg in Resources */,
				64A3E2B325ECEA5F009F36E6 /* Assets.xcassets in Resources */,
				64A3E2B125ECEA5D009F36E6 /* Main.storyboard in Resources */,
				64A3E2BF25ECED53009F36E6 /* image1.jpeg in Resources */,
				64A3E2C525ECED6A009F36E6 /* image3.jpeg in Resources */,
			);
			runOnlyForDeploymentPostprocessing = 0;
		};
/* End PBXResourcesBuildPhase section */

/* Begin PBXSourcesBuildPhase section */
		64A3E2A225ECEA5D009F36E6 /* Sources */ = {
			isa = PBXSourcesBuildPhase;
			buildActionMask = 2147483647;
			files = (
				64A3E2AE25ECEA5D009F36E6 /* ViewController.swift in Sources */,
				64A3E2AA25ECEA5D009F36E6 /* AppDelegate.swift in Sources */,
				64A3E2AC25ECEA5D009F36E6 /* SceneDelegate.swift in Sources */,
				64A3E2C925ED2F8B009F36E6 /* ResultViewController.swift in Sources */,
			);
			runOnlyForDeploymentPostprocessing = 0;
		};
/* End PBXSourcesBuildPhase section */

/* Begin PBXVariantGroup section */
		64A3E2AF25ECEA5D009F36E6 /* Main.storyboard */ = {
			isa = PBXVariantGroup;
			children = (
				64A3E2B025ECEA5D009F36E6 /* Base */,
			);
			name = Main.storyboard;
			sourceTree = "<group>";
		};
		64A3E2B425ECEA5F009F36E6 /* LaunchScreen.storyboard */ = {
			isa = PBXVariantGroup;
			children = (
				64A3E2B525ECEA5F009F36E6 /* Base */,
			);
			name = LaunchScreen.storyboard;
			sourceTree = "<group>";
		};
/* End PBXVariantGroup section */

/* Begin XCBuildConfiguration section */
		64A3E2B825ECEA5F009F36E6 /* Debug */ = {
			isa = XCBuildConfiguration;
			buildSettings = {
				ALWAYS_SEARCH_USER_PATHS = NO;
				CLANG_ANALYZER_NONNULL = YES;
				CLANG_ANALYZER_NUMBER_OBJECT_CONVERSION = YES_AGGRESSIVE;
				CLANG_CXX_LANGUAGE_STANDARD = "gnu++14";
				CLANG_CXX_LIBRARY = "libc++";
				CLANG_ENABLE_MODULES = YES;
				CLANG_ENABLE_OBJC_ARC = YES;
				CLANG_ENABLE_OBJC_WEAK = YES;
				CLANG_WARN_BLOCK_CAPTURE_AUTORELEASING = YES;
				CLANG_WARN_BOOL_CONVERSION = YES;
				CLANG_WARN_COMMA = YES;
				CLANG_WARN_CONSTANT_CONVERSION = YES;
				CLANG_WARN_DEPRECATED_OBJC_IMPLEMENTATIONS = YES;
				CLANG_WARN_DIRECT_OBJC_ISA_USAGE = YES_ERROR;
				CLANG_WARN_DOCUMENTATION_COMMENTS = YES;
				CLANG_WARN_EMPTY_BODY = YES;
				CLANG_WARN_ENUM_CONVERSION = YES;
				CLANG_WARN_INFINITE_RECURSION = YES;
				CLANG_WARN_INT_CONVERSION = YES;
				CLANG_WARN_NON_LITERAL_NULL_CONVERSION = YES;
				CLANG_WARN_OBJC_IMPLICIT_RETAIN_SELF = YES;
				CLANG_WARN_OBJC_LITERAL_CONVERSION = YES;
				CLANG_WARN_OBJC_ROOT_CLASS = YES_ERROR;
				CLANG_WARN_QUOTED_INCLUDE_IN_FRAMEWORK_HEADER = YES;
				CLANG_WARN_RANGE_LOOP_ANALYSIS = YES;
				CLANG_WARN_STRICT_PROTOTYPES = YES;
				CLANG_WARN_SUSPICIOUS_MOVE = YES;
				CLANG_WARN_UNGUARDED_AVAILABILITY = YES_AGGRESSIVE;
				CLANG_WARN_UNREACHABLE_CODE = YES;
				CLANG_WARN__DUPLICATE_METHOD_MATCH = YES;
				COPY_PHASE_STRIP = NO;
				DEBUG_INFORMATION_FORMAT = dwarf;
				ENABLE_STRICT_OBJC_MSGSEND = YES;
				ENABLE_TESTABILITY = YES;
				GCC_C_LANGUAGE_STANDARD = gnu11;
				GCC_DYNAMIC_NO_PIC = NO;
				GCC_NO_COMMON_BLOCKS = YES;
				GCC_OPTIMIZATION_LEVEL = 0;
				GCC_PREPROCESSOR_DEFINITIONS = (
					"DEBUG=1",
					"$(inherited)",
				);
				GCC_WARN_64_TO_32_BIT_CONVERSION = YES;
				GCC_WARN_ABOUT_RETURN_TYPE = YES_ERROR;
				GCC_WARN_UNDECLARED_SELECTOR = YES;
				GCC_WARN_UNINITIALIZED_AUTOS = YES_AGGRESSIVE;
				GCC_WARN_UNUSED_FUNCTION = YES;
				GCC_WARN_UNUSED_VARIABLE = YES;
				IPHONEOS_DEPLOYMENT_TARGET = 14.2;
				MTL_ENABLE_DEBUG_INFO = INCLUDE_SOURCE;
				MTL_FAST_MATH = YES;
				ONLY_ACTIVE_ARCH = YES;
				SDKROOT = iphoneos;
				SWIFT_ACTIVE_COMPILATION_CONDITIONS = DEBUG;
				SWIFT_OPTIMIZATION_LEVEL = "-Onone";
			};
			name = Debug;
		};
		64A3E2B925ECEA5F009F36E6 /* Release */ = {
			isa = XCBuildConfiguration;
			buildSettings = {
				ALWAYS_SEARCH_USER_PATHS = NO;
				CLANG_ANALYZER_NONNULL = YES;
				CLANG_ANALYZER_NUMBER_OBJECT_CONVERSION = YES_AGGRESSIVE;
				CLANG_CXX_LANGUAGE_STANDARD = "gnu++14";
				CLANG_CXX_LIBRARY = "libc++";
				CLANG_ENABLE_MODULES = YES;
				CLANG_ENABLE_OBJC_ARC = YES;
				CLANG_ENABLE_OBJC_WEAK = YES;
				CLANG_WARN_BLOCK_CAPTURE_AUTORELEASING = YES;
				CLANG_WARN_BOOL_CONVERSION = YES;
				CLANG_WARN_COMMA = YES;
				CLANG_WARN_CONSTANT_CONVERSION = YES;
				CLANG_WARN_DEPRECATED_OBJC_IMPLEMENTATIONS = YES;
				CLANG_WARN_DIRECT_OBJC_ISA_USAGE = YES_ERROR;
				CLANG_WARN_DOCUMENTATION_COMMENTS = YES;
				CLANG_WARN_EMPTY_BODY = YES;
				CLANG_WARN_ENUM_CONVERSION = YES;
				CLANG_WARN_INFINITE_RECURSION = YES;
				CLANG_WARN_INT_CONVERSION = YES;
				CLANG_WARN_NON_LITERAL_NULL_CONVERSION = YES;
				CLANG_WARN_OBJC_IMPLICIT_RETAIN_SELF = YES;
				CLANG_WARN_OBJC_LITERAL_CONVERSION = YES;
				CLANG_WARN_OBJC_ROOT_CLASS = YES_ERROR;
				CLANG_WARN_QUOTED_INCLUDE_IN_FRAMEWORK_HEADER = YES;
				CLANG_WARN_RANGE_LOOP_ANALYSIS = YES;
				CLANG_WARN_STRICT_PROTOTYPES = YES;
				CLANG_WARN_SUSPICIOUS_MOVE = YES;
				CLANG_WARN_UNGUARDED_AVAILABILITY = YES_AGGRESSIVE;
				CLANG_WARN_UNREACHABLE_CODE = YES;
				CLANG_WARN__DUPLICATE_METHOD_MATCH = YES;
				COPY_PHASE_STRIP = NO;
				DEBUG_INFORMATION_FORMAT = "dwarf-with-dsym";
				ENABLE_NS_ASSERTIONS = NO;
				ENABLE_STRICT_OBJC_MSGSEND = YES;
				GCC_C_LANGUAGE_STANDARD = gnu11;
				GCC_NO_COMMON_BLOCKS = YES;
				GCC_WARN_64_TO_32_BIT_CONVERSION = YES;
				GCC_WARN_ABOUT_RETURN_TYPE = YES_ERROR;
				GCC_WARN_UNDECLARED_SELECTOR = YES;
				GCC_WARN_UNINITIALIZED_AUTOS = YES_AGGRESSIVE;
				GCC_WARN_UNUSED_FUNCTION = YES;
				GCC_WARN_UNUSED_VARIABLE = YES;
				IPHONEOS_DEPLOYMENT_TARGET = 14.2;
				MTL_ENABLE_DEBUG_INFO = NO;
				MTL_FAST_MATH = YES;
				SDKROOT = iphoneos;
				SWIFT_COMPILATION_MODE = wholemodule;
				SWIFT_OPTIMIZATION_LEVEL = "-O";
				VALIDATE_PRODUCT = YES;
			};
			name = Release;
		};
		64A3E2BB25ECEA5F009F36E6 /* Debug */ = {
			isa = XCBuildConfiguration;
			buildSettings = {
				ASSETCATALOG_COMPILER_APPICON_NAME = AppIcon;
				ASSETCATALOG_COMPILER_GLOBAL_ACCENT_COLOR_NAME = AccentColor;
				CODE_SIGN_STYLE = Automatic;
				INFOPLIST_FILE = SlideshowApp/Info.plist;
				LD_RUNPATH_SEARCH_PATHS = (
					"$(inherited)",
					"@executable_path/Frameworks",
				);
				PRODUCT_BUNDLE_IDENTIFIER = jp.techacademy.takashige.akiyama.SlideshowApp;
				PRODUCT_NAME = "$(TARGET_NAME)";
				SWIFT_VERSION = 5.0;
				TARGETED_DEVICE_FAMILY = "1,2";
			};
			name = Debug;
		};
		64A3E2BC25ECEA5F009F36E6 /* Release */ = {
			isa = XCBuildConfiguration;
			buildSettings = {
				ASSETCATALOG_COMPILER_APPICON_NAME = AppIcon;
				ASSETCATALOG_COMPILER_GLOBAL_ACCENT_COLOR_NAME = AccentColor;
				CODE_SIGN_STYLE = Automatic;
				INFOPLIST_FILE = SlideshowApp/Info.plist;
				LD_RUNPATH_SEARCH_PATHS = (
					"$(inherited)",
					"@executable_path/Frameworks",
				);
				PRODUCT_BUNDLE_IDENTIFIER = jp.techacademy.takashige.akiyama.SlideshowApp;
				PRODUCT_NAME = "$(TARGET_NAME)";
				SWIFT_VERSION = 5.0;
				TARGETED_DEVICE_FAMILY = "1,2";
			};
			name = Release;
		};
/* End XCBuildConfiguration section */

/* Begin XCConfigurationList section */
		64A3E2A125ECEA5D009F36E6 /* Build configuration list for PBXProject "SlideshowApp" */ = {
			isa = XCConfigurationList;
			buildConfigurations = (
				64A3E2B825ECEA5F009F36E6 /* Debug */,
				64A3E2B925ECEA5F009F36E6 /* Release */,
			);
			defaultConfigurationIsVisible = 0;
			defaultConfigurationName = Release;
		};
		64A3E2BA25ECEA5F009F36E6 /* Build configuration list for PBXNativeTarget "SlideshowApp" */ = {
			isa = XCConfigurationList;
			buildConfigurations = (
				64A3E2BB25ECEA5F009F36E6 /* Debug */,
				64A3E2BC25ECEA5F009F36E6 /* Release */,
			);
			defaultConfigurationIsVisible = 0;
			defaultConfigurationName = Release;
		};
/* End XCConfigurationList section */
	};
	rootObject = 64A3E29E25ECEA5D009F36E6 /* Project object */;
}
